" Generated by vim-plug
" Thu Jun 13 07:07:24 2019
" :source this file in vim to restore the snapshot
" or execute: vim -S snapshot.vim

silent! let g:plugs['Base2Tone-vim'].commit = '37675fb'
silent! let g:plugs['ale'].commit = '80ab12c7'
silent! let g:plugs['awesome-vim-colorschemes'].commit = 'dec452f'
silent! let g:plugs['clever-f.vim'].commit = 'e7ed607'
silent! let g:plugs['fzf'].commit = '9517462'
silent! let g:plugs['fzf.vim'].commit = '91ed5f4'
silent! let g:plugs['numbers.vim'].commit = '1867e76'
silent! let g:plugs['tagbar'].commit = '387bbad'
silent! let g:plugs['ultisnips'].commit = '1a99766'
silent! let g:plugs['vim-airline'].commit = '28453d7'
silent! let g:plugs['vim-airline-themes'].commit = 'e6f2332'
silent! let g:plugs['vim-colors_atelier-schemes'].commit = 'ccdd155'
silent! let g:plugs['vim-colorschemes'].commit = '9e7ab1c'
silent! let g:plugs['vim-commentary'].commit = '141d9d3'
silent! let g:plugs['vim-easy-align'].commit = '12dd631'
silent! let g:plugs['vim-gutentags'].commit = 'eecb136'
silent! let g:plugs['vim-highlightedyank'].commit = '51e25c9'
silent! let g:plugs['vim-indent-object'].commit = '5c5b24c'
silent! let g:plugs['vim-ninja-feet'].commit = '5b48f97'
silent! let g:plugs['vim-qf'].commit = '87e9a7d'
silent! let g:plugs['vim-sandwich'].commit = '35948af'
silent! let g:plugs['vim-visual-star-search'].commit = '3725972'
silent! let g:plugs['vimtex'].commit = '7ed563b'

PlugUpdate!

